
Microsoft Visual Studio Solution File, Format Version 12.00
# Visual Studio Version 17
VisualStudioVersion = 17.7.34018.315
MinimumVisualStudioVersion = 10.0.40219.1
Project("{9A19103F-16F7-4668-BE54-9A1E7A4F7556}") = "Crito", "Crito.csproj", "{E7E17DFD-98E7-4064-8467-5F897ED27F77}"
EndProject
Global
	GlobalSection(SolutionConfigurationPlatforms) = preSolution
		Debug|Any CPU = Debug|Any CPU
		Release|Any CPU = Release|Any CPU
	EndGlobalSection
	GlobalSection(ProjectConfigurationPlatforms) = postSolution
		{E7E17DFD-98E7-4064-8467-5F897ED27F77}.Debug|Any CPU.ActiveCfg = Debug|Any CPU
		{E7E17DFD-98E7-4064-8467-5F897ED27F77}.Debug|Any CPU.Build.0 = Debug|Any CPU
		{E7E17DFD-98E7-4064-8467-5F897ED27F77}.Release|Any CPU.ActiveCfg = Release|Any CPU
		{E7E17DFD-98E7-4064-8467-5F897ED27F77}.Release|Any CPU.Build.0 = Release|Any CPU
	EndGlobalSection
	GlobalSection(SolutionProperties) = preSolution
		HideSolutionNode = FALSE
	EndGlobalSection
	GlobalSection(ExtensibilityGlobals) = postSolution
		SolutionGuid = {AD38EDED-7E10-4795-B294-D914CC4F9463}
	EndGlobalSection
EndGlobal
